
Microsoft Visual Studio Solution File, Format Version 12.00
# Visual Studio 15
VisualStudioVersion = 15.0.27004.2002
MinimumVisualStudioVersion = 10.0.40219.1
Project("{FAE04EC0-301F-11D3-BF4B-00C04F79EFBC}") = "ProductService", "ProductService\ProductService.csproj", "{F5B758D7-2294-43E3-B3CF-4EC19A1C5EC6}"
EndProject
Project("{FAE04EC0-301F-11D3-BF4B-00C04F79EFBC}") = "ProductService.Tests", "ProductService.Tests\ProductService.Tests.csproj", "{1D67694E-2700-4C68-9706-1B0EA714EA0C}"
EndProject
Project("{2150E333-8FDC-42A3-9474-1A3956D46DE8}") = "Solution Items", "Solution Items", "{F9D2D009-9D80-4652-A1C0-878F80F1ED30}"
EndProject
Global
	GlobalSection(SolutionConfigurationPlatforms) = preSolution
		Debug|Any CPU = Debug|Any CPU
		Release|Any CPU = Release|Any CPU
	EndGlobalSection
	GlobalSection(ProjectConfigurationPlatforms) = postSolution
		{F5B758D7-2294-43E3-B3CF-4EC19A1C5EC6}.Debug|Any CPU.ActiveCfg = Debug|Any CPU
		{F5B758D7-2294-43E3-B3CF-4EC19A1C5EC6}.Debug|Any CPU.Build.0 = Debug|Any CPU
		{F5B758D7-2294-43E3-B3CF-4EC19A1C5EC6}.Release|Any CPU.ActiveCfg = Release|Any CPU
		{F5B758D7-2294-43E3-B3CF-4EC19A1C5EC6}.Release|Any CPU.Build.0 = Release|Any CPU
		{1D67694E-2700-4C68-9706-1B0EA714EA0C}.Debug|Any CPU.ActiveCfg = Debug|Any CPU
		{1D67694E-2700-4C68-9706-1B0EA714EA0C}.Debug|Any CPU.Build.0 = Debug|Any CPU
		{1D67694E-2700-4C68-9706-1B0EA714EA0C}.Release|Any CPU.ActiveCfg = Release|Any CPU
		{1D67694E-2700-4C68-9706-1B0EA714EA0C}.Release|Any CPU.Build.0 = Release|Any CPU
	EndGlobalSection
	GlobalSection(SolutionProperties) = preSolution
		HideSolutionNode = FALSE
	EndGlobalSection
	GlobalSection(ExtensibilityGlobals) = postSolution
		SolutionGuid = {D47B1655-88FC-43E4-B77A-54D8E66A923D}
	EndGlobalSection
EndGlobal
